{
  "name": "hl7.fhir.us.qicore",
  "version": "4.0.1",
  "lockfileVersion": 1,
  "requires": true,
  "dependencies": {
    "hl7.fhir.r4.core": {
      "version": "4.0.1",
      "resolved": "https://packages.simplifier.net//hl7.fhir.r4.core/-/hl7.fhir.r4.core-4.0.1.tgz",
      "integrity": "sha512-mbj/pjYrpclK5G+EbRV9BUzk05iIOpnIYyRfGW7N7dHQkj2gD9lF6713W+RoMtpjkdZewjiD893ZMqMbyHniEA=="
    },
    "hl7.fhir.us.core": {
      "version": "3.1.0",
      "resolved": "https://packages.simplifier.net//hl7.fhir.us.core/-/hl7.fhir.us.core-3.1.0.tgz",
      "integrity": "sha512-dWGiEfEvecrgtjZGoC3UlhlNmuccy6S8ocC5HcH6pEwKyynHuIuxSmgUvjAM5NwBcj745855ctFjUH9sKlhEvg==",
      "requires": {
        "hl7.fhir.r4.core": "4.0.1"
      }
    }
  }
}
